// !$*UTF8*$!
{
	archiveVersion = 1;
	classes = {
	};
	objectVersion = 46;
	objects = {

/* Begin PBXBuildFile section */
		4B4191BA1CFBDBEA008E6ED5 /* main.m in Sources */ = {isa = PBXBuildFile; fileRef = 4B4191B91CFBDBEA008E6ED5 /* main.m */; };
		4B4191BD1CFBDBEA008E6ED5 /* AppDelegate.m in Sources */ = {isa = PBXBuildFile; fileRef = 4B4191BC1CFBDBEA008E6ED5 /* AppDelegate.m */; };
		4B4191C01CFBDBEA008E6ED5 /* ViewController.m in Sources */ = {isa = PBXBuildFile; fileRef = 4B4191BF1CFBDBEA008E6ED5 /* ViewController.m */; };
		4B4191C31CFBDBEA008E6ED5 /* Main.storyboard in Resources */ = {isa = PBXBuildFile; fileRef = 4B4191C11CFBDBEA008E6ED5 /* Main.storyboard */; };
		4B4191C51CFBDBEA008E6ED5 /* Assets.xcassets in Resources */ = {isa = PBXBuildFile; fileRef = 4B4191C41CFBDBEA008E6ED5 /* Assets.xcassets */; };
		4B4191C81CFBDBEA008E6ED5 /* LaunchScreen.storyboard in Resources */ = {isa = PBXBuildFile; fileRef = 4B4191C61CFBDBEA008E6ED5 /* LaunchScreen.storyboard */; };
		4B4191D61CFC13D0008E6ED5 /* index.ios.js in Resources */ = {isa = PBXBuildFile; fileRef = 4B4191D51CFC13D0008E6ED5 /* index.ios.js */; };
		4B98AAEA1D101D5000E70927 /* DemoBridgeModule.m in Sources */ = {isa = PBXBuildFile; fileRef = 4B98AAE91D101D5000E70927 /* DemoBridgeModule.m */; };
		4B9A75841D116B050009894C /* assets in Resources */ = {isa = PBXBuildFile; fileRef = 4B9A75831D116B050009894C /* assets */; };
		4B9A75861D116B210009894C /* index.ios.jsbundle in Resources */ = {isa = PBXBuildFile; fileRef = 4B9A75851D116B210009894C /* index.ios.jsbundle */; };
		4BD46DB61D0FA56E00EEFCFB /* RNNativeBridgeModule.m in Sources */ = {isa = PBXBuildFile; fileRef = 4BD46DB51D0FA56E00EEFCFB /* RNNativeBridgeModule.m */; };
		67DB5C591D40434B2BF14068 /* libPods-LViewDemo.a in Frameworks */ = {isa = PBXBuildFile; fileRef = 3904C66CB96DA6B6AB436CAD /* libPods-LViewDemo.a */; };
/* End PBXBuildFile section */

/* Begin PBXFileReference section */
		0473F1E86C3FE9BFC3FDAF29 /* Pods-LViewDemo.release.xcconfig */ = {isa = PBXFileReference; includeInIndex = 1; lastKnownFileType = text.xcconfig; name = "Pods-LViewDemo.release.xcconfig"; path = "Pods/Target Support Files/Pods-LViewDemo/Pods-LViewDemo.release.xcconfig"; sourceTree = "<group>"; };
		1486563B09BC7254E4D10D6B /* Pods-LViewDemo.debug.xcconfig */ = {isa = PBXFileReference; includeInIndex = 1; lastKnownFileType = text.xcconfig; name = "Pods-LViewDemo.debug.xcconfig"; path = "Pods/Target Support Files/Pods-LViewDemo/Pods-LViewDemo.debug.xcconfig"; sourceTree = "<group>"; };
		3904C66CB96DA6B6AB436CAD /* libPods-LViewDemo.a */ = {isa = PBXFileReference; explicitFileType = archive.ar; includeInIndex = 0; path = "libPods-LViewDemo.a"; sourceTree = BUILT_PRODUCTS_DIR; };
		4B4191B51CFBDBEA008E6ED5 /* LViewDemo.app */ = {isa = PBXFileReference; explicitFileType = wrapper.application; includeInIndex = 0; path = LViewDemo.app; sourceTree = BUILT_PRODUCTS_DIR; };
		4B4191B91CFBDBEA008E6ED5 /* main.m */ = {isa = PBXFileReference; lastKnownFileType = sourcecode.c.objc; path = main.m; sourceTree = "<group>"; };
		4B4191BB1CFBDBEA008E6ED5 /* AppDelegate.h */ = {isa = PBXFileReference; lastKnownFileType = sourcecode.c.h; path = AppDelegate.h; sourceTree = "<group>"; };
		4B4191BC1CFBDBEA008E6ED5 /* AppDelegate.m */ = {isa = PBXFileReference; lastKnownFileType = sourcecode.c.objc; path = AppDelegate.m; sourceTree = "<group>"; };
		4B4191BE1CFBDBEA008E6ED5 /* ViewController.h */ = {isa = PBXFileReference; lastKnownFileType = sourcecode.c.h; path = ViewController.h; sourceTree = "<group>"; };
		4B4191BF1CFBDBEA008E6ED5 /* ViewController.m */ = {isa = PBXFileReference; lastKnownFileType = sourcecode.c.objc; path = ViewController.m; sourceTree = "<group>"; };
		4B4191C21CFBDBEA008E6ED5 /* Base */ = {isa = PBXFileReference; lastKnownFileType = file.storyboard; name = Base; path = Base.lproj/Main.storyboard; sourceTree = "<group>"; };
		4B4191C41CFBDBEA008E6ED5 /* Assets.xcassets */ = {isa = PBXFileReference; lastKnownFileType = folder.assetcatalog; path = Assets.xcassets; sourceTree = "<group>"; };
		4B4191C71CFBDBEA008E6ED5 /* Base */ = {isa = PBXFileReference; lastKnownFileType = file.storyboard; name = Base; path = Base.lproj/LaunchScreen.storyboard; sourceTree = "<group>"; };
		4B4191C91CFBDBEA008E6ED5 /* Info.plist */ = {isa = PBXFileReference; lastKnownFileType = text.plist.xml; path = Info.plist; sourceTree = "<group>"; };
		4B4191D51CFC13D0008E6ED5 /* index.ios.js */ = {isa = PBXFileReference; fileEncoding = 4; lastKnownFileType = sourcecode.javascript; path = index.ios.js; sourceTree = "<group>"; };
		4B98AAE81D101D5000E70927 /* DemoBridgeModule.h */ = {isa = PBXFileReference; fileEncoding = 4; lastKnownFileType = sourcecode.c.h; path = DemoBridgeModule.h; sourceTree = "<group>"; };
		4B98AAE91D101D5000E70927 /* DemoBridgeModule.m */ = {isa = PBXFileReference; fileEncoding = 4; lastKnownFileType = sourcecode.c.objc; path = DemoBridgeModule.m; sourceTree = "<group>"; };
		4B9A75831D116B050009894C /* assets */ = {isa = PBXFileReference; lastKnownFileType = folder; path = assets; sourceTree = "<group>"; };
		4B9A75851D116B210009894C /* index.ios.jsbundle */ = {isa = PBXFileReference; fileEncoding = 4; lastKnownFileType = text; path = index.ios.jsbundle; sourceTree = "<group>"; };
		4BD46DB41D0FA56E00EEFCFB /* RNNativeBridgeModule.h */ = {isa = PBXFileReference; fileEncoding = 4; lastKnownFileType = sourcecode.c.h; path = RNNativeBridgeModule.h; sourceTree = "<group>"; };
		4BD46DB51D0FA56E00EEFCFB /* RNNativeBridgeModule.m */ = {isa = PBXFileReference; fileEncoding = 4; lastKnownFileType = sourcecode.c.objc; path = RNNativeBridgeModule.m; sourceTree = "<group>"; };
/* End PBXFileReference section */

/* Begin PBXFrameworksBuildPhase section */
		4B4191B21CFBDBEA008E6ED5 /* Frameworks */ = {
			isa = PBXFrameworksBuildPhase;
			buildActionMask = 2147483647;
			files = (
				67DB5C591D40434B2BF14068 /* libPods-LViewDemo.a in Frameworks */,
			);
			runOnlyForDeploymentPostprocessing = 0;
		};
/* End PBXFrameworksBuildPhase section */

/* Begin PBXGroup section */
		00524D6EC2E5F29523BA7C15 /* Pods */ = {
			isa = PBXGroup;
			children = (
				1486563B09BC7254E4D10D6B /* Pods-LViewDemo.debug.xcconfig */,
				0473F1E86C3FE9BFC3FDAF29 /* Pods-LViewDemo.release.xcconfig */,
			);
			name = Pods;
			sourceTree = "<group>";
		};
		4B4191AC1CFBDBEA008E6ED5 = {
			isa = PBXGroup;
			children = (
				4B4191B71CFBDBEA008E6ED5 /* LViewDemo */,
				4B4191B61CFBDBEA008E6ED5 /* Products */,
				00524D6EC2E5F29523BA7C15 /* Pods */,
				88362E52F862AAA9EF3285EA /* Frameworks */,
			);
			sourceTree = "<group>";
		};
		4B4191B61CFBDBEA008E6ED5 /* Products */ = {
			isa = PBXGroup;
			children = (
				4B4191B51CFBDBEA008E6ED5 /* LViewDemo.app */,
			);
			name = Products;
			sourceTree = "<group>";
		};
		4B4191B71CFBDBEA008E6ED5 /* LViewDemo */ = {
			isa = PBXGroup;
			children = (
				4B9A75851D116B210009894C /* index.ios.jsbundle */,
				4B9A75831D116B050009894C /* assets */,
				4B4191D41CFC13BE008E6ED5 /* react */,
				4B4191BB1CFBDBEA008E6ED5 /* AppDelegate.h */,
				4B4191BC1CFBDBEA008E6ED5 /* AppDelegate.m */,
				4B4191BE1CFBDBEA008E6ED5 /* ViewController.h */,
				4B4191BF1CFBDBEA008E6ED5 /* ViewController.m */,
				4B4191C11CFBDBEA008E6ED5 /* Main.storyboard */,
				4B4191C41CFBDBEA008E6ED5 /* Assets.xcassets */,
				4B4191C61CFBDBEA008E6ED5 /* LaunchScreen.storyboard */,
				4B4191C91CFBDBEA008E6ED5 /* Info.plist */,
				4B4191B81CFBDBEA008E6ED5 /* Supporting Files */,
				4BD46DB41D0FA56E00EEFCFB /* RNNativeBridgeModule.h */,
				4BD46DB51D0FA56E00EEFCFB /* RNNativeBridgeModule.m */,
				4B98AAE81D101D5000E70927 /* DemoBridgeModule.h */,
				4B98AAE91D101D5000E70927 /* DemoBridgeModule.m */,
			);
			path = LViewDemo;
			sourceTree = "<group>";
		};
		4B4191B81CFBDBEA008E6ED5 /* Supporting Files */ = {
			isa = PBXGroup;
			children = (
				4B4191B91CFBDBEA008E6ED5 /* main.m */,
			);
			name = "Supporting Files";
			sourceTree = "<group>";
		};
		4B4191D41CFC13BE008E6ED5 /* react */ = {
			isa = PBXGroup;
			children = (
				4B4191D51CFC13D0008E6ED5 /* index.ios.js */,
			);
			path = react;
			sourceTree = "<group>";
		};
		88362E52F862AAA9EF3285EA /* Frameworks */ = {
			isa = PBXGroup;
			children = (
				3904C66CB96DA6B6AB436CAD /* libPods-LViewDemo.a */,
			);
			name = Frameworks;
			sourceTree = "<group>";
		};
/* End PBXGroup section */

/* Begin PBXNativeTarget section */
		4B4191B41CFBDBEA008E6ED5 /* LViewDemo */ = {
			isa = PBXNativeTarget;
			buildConfigurationList = 4B4191CC1CFBDBEA008E6ED5 /* Build configuration list for PBXNativeTarget "LViewDemo" */;
			buildPhases = (
				4092D95114D2DE58F7D9F934 /* Check Pods Manifest.lock */,
				4B4191B11CFBDBEA008E6ED5 /* Sources */,
				4B4191B21CFBDBEA008E6ED5 /* Frameworks */,
				4B4191B31CFBDBEA008E6ED5 /* Resources */,
				352EC85C31DCE68E1F3DF4AB /* Embed Pods Frameworks */,
				96806BBD6D2781762DDC70A7 /* Copy Pods Resources */,
			);
			buildRules = (
			);
			dependencies = (
			);
			name = LViewDemo;
			productName = LViewDemo;
			productReference = 4B4191B51CFBDBEA008E6ED5 /* LViewDemo.app */;
			productType = "com.apple.product-type.application";
		};
/* End PBXNativeTarget section */

/* Begin PBXProject section */
		4B4191AD1CFBDBEA008E6ED5 /* Project object */ = {
			isa = PBXProject;
			attributes = {
				LastUpgradeCheck = 0720;
				ORGANIZATIONNAME = cc;
				TargetAttributes = {
					4B4191B41CFBDBEA008E6ED5 = {
						CreatedOnToolsVersion = 7.2.1;
						DevelopmentTeam = ME8P9RGZ87;
					};
				};
			};
			buildConfigurationList = 4B4191B01CFBDBEA008E6ED5 /* Build configuration list for PBXProject "LViewDemo" */;
			compatibilityVersion = "Xcode 3.2";
			developmentRegion = English;
			hasScannedForEncodings = 0;
			knownRegions = (
				en,
				Base,
			);
			mainGroup = 4B4191AC1CFBDBEA008E6ED5;
			productRefGroup = 4B4191B61CFBDBEA008E6ED5 /* Products */;
			projectDirPath = "";
			projectRoot = "";
			targets = (
				4B4191B41CFBDBEA008E6ED5 /* LViewDemo */,
			);
		};
/* End PBXProject section */

/* Begin PBXResourcesBuildPhase section */
		4B4191B31CFBDBEA008E6ED5 /* Resources */ = {
			isa = PBXResourcesBuildPhase;
			buildActionMask = 2147483647;
			files = (
				4B9A75861D116B210009894C /* index.ios.jsbundle in Resources */,
				4B9A75841D116B050009894C /* assets in Resources */,
				4B4191C81CFBDBEA008E6ED5 /* LaunchScreen.storyboard in Resources */,
				4B4191C51CFBDBEA008E6ED5 /* Assets.xcassets in Resources */,
				4B4191C31CFBDBEA008E6ED5 /* Main.storyboard in Resources */,
				4B4191D61CFC13D0008E6ED5 /* index.ios.js in Resources */,
			);
			runOnlyForDeploymentPostprocessing = 0;
		};
/* End PBXResourcesBuildPhase section */

/* Begin PBXShellScriptBuildPhase section */
		352EC85C31DCE68E1F3DF4AB /* Embed Pods Frameworks */ = {
			isa = PBXShellScriptBuildPhase;
			buildActionMask = 2147483647;
			files = (
			);
			inputPaths = (
			);
			name = "Embed Pods Frameworks";
			outputPaths = (
			);
			runOnlyForDeploymentPostprocessing = 0;
			shellPath = /bin/sh;
			shellScript = "\"${SRCROOT}/Pods/Target Support Files/Pods-LViewDemo/Pods-LViewDemo-frameworks.sh\"\n";
			showEnvVarsInLog = 0;
		};
		4092D95114D2DE58F7D9F934 /* Check Pods Manifest.lock */ = {
			isa = PBXShellScriptBuildPhase;
			buildActionMask = 2147483647;
			files = (
			);
			inputPaths = (
			);
			name = "Check Pods Manifest.lock";
			outputPaths = (
			);
			runOnlyForDeploymentPostprocessing = 0;
			shellPath = /bin/sh;
			shellScript = "diff \"${PODS_ROOT}/../Podfile.lock\" \"${PODS_ROOT}/Manifest.lock\" > /dev/null\nif [[ $? != 0 ]] ; then\n    cat << EOM\nerror: The sandbox is not in sync with the Podfile.lock. Run 'pod install' or update your CocoaPods installation.\nEOM\n    exit 1\nfi\n";
			showEnvVarsInLog = 0;
		};
		96806BBD6D2781762DDC70A7 /* Copy Pods Resources */ = {
			isa = PBXShellScriptBuildPhase;
			buildActionMask = 2147483647;
			files = (
			);
			inputPaths = (
			);
			name = "Copy Pods Resources";
			outputPaths = (
			);
			runOnlyForDeploymentPostprocessing = 0;
			shellPath = /bin/sh;
			shellScript = "\"${SRCROOT}/Pods/Target Support Files/Pods-LViewDemo/Pods-LViewDemo-resources.sh\"\n";
			showEnvVarsInLog = 0;
		};
/* End PBXShellScriptBuildPhase section */

/* Begin PBXSourcesBuildPhase section */
		4B4191B11CFBDBEA008E6ED5 /* Sources */ = {
			isa = PBXSourcesBuildPhase;
			buildActionMask = 2147483647;
			files = (
				4B4191C01CFBDBEA008E6ED5 /* ViewController.m in Sources */,
				4B4191BD1CFBDBEA008E6ED5 /* AppDelegate.m in Sources */,
				4BD46DB61D0FA56E00EEFCFB /* RNNativeBridgeModule.m in Sources */,
				4B98AAEA1D101D5000E70927 /* DemoBridgeModule.m in Sources */,
				4B4191BA1CFBDBEA008E6ED5 /* main.m in Sources */,
			);
			runOnlyForDeploymentPostprocessing = 0;
		};
/* End PBXSourcesBuildPhase section */

/* Begin PBXVariantGroup section */
		4B4191C11CFBDBEA008E6ED5 /* Main.storyboard */ = {
			isa = PBXVariantGroup;
			children = (
				4B4191C21CFBDBEA008E6ED5 /* Base */,
			);
			name = Main.storyboard;
			sourceTree = "<group>";
		};
		4B4191C61CFBDBEA008E6ED5 /* LaunchScreen.storyboard */ = {
			isa = PBXVariantGroup;
			children = (
				4B4191C71CFBDBEA008E6ED5 /* Base */,
			);
			name = LaunchScreen.storyboard;
			sourceTree = "<group>";
		};
/* End PBXVariantGroup section */

/* Begin XCBuildConfiguration section */
		4B4191CA1CFBDBEA008E6ED5 /* Debug */ = {
			isa = XCBuildConfiguration;
			buildSettings = {
				ALWAYS_SEARCH_USER_PATHS = NO;
				CLANG_CXX_LANGUAGE_STANDARD = "gnu++0x";
				CLANG_CXX_LIBRARY = "libc++";
				CLANG_ENABLE_MODULES = YES;
				CLANG_ENABLE_OBJC_ARC = YES;
				CLANG_WARN_BOOL_CONVERSION = YES;
				CLANG_WARN_CONSTANT_CONVERSION = YES;
				CLANG_WARN_DIRECT_OBJC_ISA_USAGE = YES_ERROR;
				CLANG_WARN_EMPTY_BODY = YES;
				CLANG_WARN_ENUM_CONVERSION = YES;
				CLANG_WARN_INT_CONVERSION = YES;
				CLANG_WARN_OBJC_ROOT_CLASS = YES_ERROR;
				CLANG_WARN_UNREACHABLE_CODE = YES;
				CLANG_WARN__DUPLICATE_METHOD_MATCH = YES;
				"CODE_SIGN_IDENTITY[sdk=iphoneos*]" = "iPhone Developer";
				COPY_PHASE_STRIP = NO;
				DEBUG_INFORMATION_FORMAT = dwarf;
				ENABLE_STRICT_OBJC_MSGSEND = YES;
				ENABLE_TESTABILITY = YES;
				GCC_C_LANGUAGE_STANDARD = gnu99;
				GCC_DYNAMIC_NO_PIC = NO;
				GCC_NO_COMMON_BLOCKS = YES;
				GCC_OPTIMIZATION_LEVEL = 0;
				GCC_PREPROCESSOR_DEFINITIONS = (
					"DEBUG=1",
					"$(inherited)",
				);
				GCC_WARN_64_TO_32_BIT_CONVERSION = YES;
				GCC_WARN_ABOUT_RETURN_TYPE = YES_ERROR;
				GCC_WARN_UNDECLARED_SELECTOR = YES;
				GCC_WARN_UNINITIALIZED_AUTOS = YES_AGGRESSIVE;
				GCC_WARN_UNUSED_FUNCTION = YES;
				GCC_WARN_UNUSED_VARIABLE = YES;
				IPHONEOS_DEPLOYMENT_TARGET = 9.2;
				MTL_ENABLE_DEBUG_INFO = YES;
				ONLY_ACTIVE_ARCH = YES;
				SDKROOT = iphoneos;
			};
			name = Debug;
		};
		4B4191CB1CFBDBEA008E6ED5 /* Release */ = {
			isa = XCBuildConfiguration;
			buildSettings = {
				ALWAYS_SEARCH_USER_PATHS = NO;
				CLANG_CXX_LANGUAGE_STANDARD = "gnu++0x";
				CLANG_CXX_LIBRARY = "libc++";
				CLANG_ENABLE_MODULES = YES;
				CLANG_ENABLE_OBJC_ARC = YES;
				CLANG_WARN_BOOL_CONVERSION = YES;
				CLANG_WARN_CONSTANT_CONVERSION = YES;
				CLANG_WARN_DIRECT_OBJC_ISA_USAGE = YES_ERROR;
				CLANG_WARN_EMPTY_BODY = YES;
				CLANG_WARN_ENUM_CONVERSION = YES;
				CLANG_WARN_INT_CONVERSION = YES;
				CLANG_WARN_OBJC_ROOT_CLASS = YES_ERROR;
				CLANG_WARN_UNREACHABLE_CODE = YES;
				CLANG_WARN__DUPLICATE_METHOD_MATCH = YES;
				"CODE_SIGN_IDENTITY[sdk=iphoneos*]" = "iPhone Developer";
				COPY_PHASE_STRIP = NO;
				DEBUG_INFORMATION_FORMAT = "dwarf-with-dsym";
				ENABLE_NS_ASSERTIONS = NO;
				ENABLE_STRICT_OBJC_MSGSEND = YES;
				GCC_C_LANGUAGE_STANDARD = gnu99;
				GCC_NO_COMMON_BLOCKS = YES;
				GCC_WARN_64_TO_32_BIT_CONVERSION = YES;
				GCC_WARN_ABOUT_RETURN_TYPE = YES_ERROR;
				GCC_WARN_UNDECLARED_SELECTOR = YES;
				GCC_WARN_UNINITIALIZED_AUTOS = YES_AGGRESSIVE;
				GCC_WARN_UNUSED_FUNCTION = YES;
				GCC_WARN_UNUSED_VARIABLE = YES;
				IPHONEOS_DEPLOYMENT_TARGET = 9.2;
				MTL_ENABLE_DEBUG_INFO = NO;
				SDKROOT = iphoneos;
				VALIDATE_PRODUCT = YES;
			};
			name = Release;
		};
		4B4191CD1CFBDBEA008E6ED5 /* Debug */ = {
			isa = XCBuildConfiguration;
			baseConfigurationReference = 1486563B09BC7254E4D10D6B /* Pods-LViewDemo.debug.xcconfig */;
			buildSettings = {
				ASSETCATALOG_COMPILER_APPICON_NAME = AppIcon;
				CODE_SIGN_IDENTITY = "iPhone Developer";
				"CODE_SIGN_IDENTITY[sdk=iphoneos*]" = "iPhone Developer";
				INFOPLIST_FILE = LViewDemo/Info.plist;
				IPHONEOS_DEPLOYMENT_TARGET = 8.0;
				LD_RUNPATH_SEARCH_PATHS = "$(inherited) @executable_path/Frameworks";
				PRODUCT_BUNDLE_IDENTIFIER = com.cc.LViewDemo;
				PRODUCT_NAME = "$(TARGET_NAME)";
				PROVISIONING_PROFILE = "";
			};
			name = Debug;
		};
		4B4191CE1CFBDBEA008E6ED5 /* Release */ = {
			isa = XCBuildConfiguration;
			baseConfigurationReference = 0473F1E86C3FE9BFC3FDAF29 /* Pods-LViewDemo.release.xcconfig */;
			buildSettings = {
				ASSETCATALOG_COMPILER_APPICON_NAME = AppIcon;
				CODE_SIGN_IDENTITY = "iPhone Developer";
				"CODE_SIGN_IDENTITY[sdk=iphoneos*]" = "iPhone Developer";
				INFOPLIST_FILE = LViewDemo/Info.plist;
				IPHONEOS_DEPLOYMENT_TARGET = 8.0;
				LD_RUNPATH_SEARCH_PATHS = "$(inherited) @executable_path/Frameworks";
				PRODUCT_BUNDLE_IDENTIFIER = com.cc.LViewDemo;
				PRODUCT_NAME = "$(TARGET_NAME)";
				PROVISIONING_PROFILE = "";
			};
			name = Release;
		};
/* End XCBuildConfiguration section */

/* Begin XCConfigurationList section */
		4B4191B01CFBDBEA008E6ED5 /* Build configuration list for PBXProject "LViewDemo" */ = {
			isa = XCConfigurationList;
			buildConfigurations = (
				4B4191CA1CFBDBEA008E6ED5 /* Debug */,
				4B4191CB1CFBDBEA008E6ED5 /* Release */,
			);
			defaultConfigurationIsVisible = 0;
			defaultConfigurationName = Release;
		};
		4B4191CC1CFBDBEA008E6ED5 /* Build configuration list for PBXNativeTarget "LViewDemo" */ = {
			isa = XCConfigurationList;
			buildConfigurations = (
				4B4191CD1CFBDBEA008E6ED5 /* Debug */,
				4B4191CE1CFBDBEA008E6ED5 /* Release */,
			);
			defaultConfigurationIsVisible = 0;
			defaultConfigurationName = Release;
		};
/* End XCConfigurationList section */
	};
	rootObject = 4B4191AD1CFBDBEA008E6ED5 /* Project object */;
}
